{"packages":{"hashroute":{"version":"2.0.0","source":"git","description":{"url":"git://github.com/cliffhall/hashroute.dart.git","ref":null,"resolved-ref":"f78e1363f55b4d51652b9d6372e2ee8a5d9b3cd7"}},"puremvc":{"version":"2.0.0","source":"git","description":{"url":"git://github.com/PureMVC/puremvc-dart-multicore-framework.git","ref":null,"resolved-ref":"079ab2902807f62a2e898b550bf993d550831894"}},"json_object":{"version":"1.0.1","source":"git","description":{"url":"git://github.com/cliffhall/dartwatch-JsonObject.git","ref":null,"resolved-ref":"39f477a901f6cee4107c5dcb6e1b191ac63d6d29"}},"unittest":{"version":"0.0.0-r.13851","source":"sdk","description":"unittest"}}}